// !$*UTF8*$!
{
	archiveVersion = 1;
	classes = {
	};
	objectVersion = 48;
	objects = {

/* Begin PBXBuildFile section */
		A931F06A2044370D009FA7A6 /* lcd_post_effect.fsh in Resources */ = {isa = PBXBuildFile; fileRef = A931F0692044370D009FA7A6 /* lcd_post_effect.fsh */; };
		A931F06D20444152009FA7A6 /* crt_retro.fsh in Resources */ = {isa = PBXBuildFile; fileRef = A931F06C20444152009FA7A6 /* crt_retro.fsh */; };
		A93BA65D1F5D2C1500F22CAF /* tri_lattice6.fsh in Resources */ = {isa = PBXBuildFile; fileRef = A93BA65C1F5D2C1500F22CAF /* tri_lattice6.fsh */; };
		A9A280931F55819900F57F8D /* wave.fsh in Resources */ = {isa = PBXBuildFile; fileRef = A9A280921F55819900F57F8D /* wave.fsh */; };
		A9A280961F55931F00F57F8D /* SKShader+UniformUpdates.swift in Sources */ = {isa = PBXBuildFile; fileRef = A9A280951F55931F00F57F8D /* SKShader+UniformUpdates.swift */; };
		A9A2809A1F55975500F57F8D /* lightning.fsh in Resources */ = {isa = PBXBuildFile; fileRef = A9A280991F55975500F57F8D /* lightning.fsh */; };
		A9A2809C1F55AA5B00F57F8D /* UISlider+Range.swift in Sources */ = {isa = PBXBuildFile; fileRef = A9A2809B1F55AA5B00F57F8D /* UISlider+Range.swift */; };
		A9A2809E1F55ABE400F57F8D /* paint_noise.fsh in Resources */ = {isa = PBXBuildFile; fileRef = A9A2809D1F55ABE400F57F8D /* paint_noise.fsh */; };
		A9AC03BE2042C5D400FF8ACC /* GTC14-conference.fsh in Resources */ = {isa = PBXBuildFile; fileRef = A9AC03BD2042C5D400FF8ACC /* GTC14-conference.fsh */; };
		A9AC03D020430C4500FF8ACC /* pixel_shader_demo_001.gif in Resources */ = {isa = PBXBuildFile; fileRef = A9AC03CF20430C4500FF8ACC /* pixel_shader_demo_001.gif */; };
		A9AC03DD204315D400FF8ACC /* spritekit_fragment_sandbox_ios_appTests.swift in Sources */ = {isa = PBXBuildFile; fileRef = A9AC03DC204315D400FF8ACC /* spritekit_fragment_sandbox_ios_appTests.swift */; };
		A9AC03EB204315E300FF8ACC /* spritekit_fragment_sandbox_ios_appUITests.swift in Sources */ = {isa = PBXBuildFile; fileRef = A9AC03EA204315E300FF8ACC /* spritekit_fragment_sandbox_ios_appUITests.swift */; };
		A9BA44651F5D61C50008BAE1 /* splash.fsh in Resources */ = {isa = PBXBuildFile; fileRef = A9BA44641F5D61C50008BAE1 /* splash.fsh */; };
		A9BFCAFB1F542788008FCF4E /* AppDelegate.swift in Sources */ = {isa = PBXBuildFile; fileRef = A9BFCAFA1F542788008FCF4E /* AppDelegate.swift */; };
		A9BFCAFD1F542788008FCF4E /* GameScene.sks in Resources */ = {isa = PBXBuildFile; fileRef = A9BFCAFC1F542788008FCF4E /* GameScene.sks */; };
		A9BFCAFF1F542788008FCF4E /* Actions.sks in Resources */ = {isa = PBXBuildFile; fileRef = A9BFCAFE1F542788008FCF4E /* Actions.sks */; };
		A9BFCB011F542788008FCF4E /* GameScene.swift in Sources */ = {isa = PBXBuildFile; fileRef = A9BFCB001F542788008FCF4E /* GameScene.swift */; };
		A9BFCB031F542788008FCF4E /* GameViewController.swift in Sources */ = {isa = PBXBuildFile; fileRef = A9BFCB021F542788008FCF4E /* GameViewController.swift */; };
		A9BFCB061F542788008FCF4E /* Main.storyboard in Resources */ = {isa = PBXBuildFile; fileRef = A9BFCB041F542788008FCF4E /* Main.storyboard */; };
		A9BFCB081F542788008FCF4E /* Assets.xcassets in Resources */ = {isa = PBXBuildFile; fileRef = A9BFCB071F542788008FCF4E /* Assets.xcassets */; };
		A9BFCB0B1F542788008FCF4E /* LaunchScreen.storyboard in Resources */ = {isa = PBXBuildFile; fileRef = A9BFCB091F542788008FCF4E /* LaunchScreen.storyboard */; };
		A9BFCB321F543955008FCF4E /* .gitignore in Resources */ = {isa = PBXBuildFile; fileRef = A9BFCB311F543955008FCF4E /* .gitignore */; };
		A9BFCB331F543CB0008FCF4E /* water_movement.fsh in Resources */ = {isa = PBXBuildFile; fileRef = A9BFCB2F1F54391A008FCF4E /* water_movement.fsh */; };
		A9BFCB341F543CB0008FCF4E /* water_reflection.fsh in Resources */ = {isa = PBXBuildFile; fileRef = A9BFCB301F54391A008FCF4E /* water_reflection.fsh */; };
		A9D160312042BF87003722C8 /* mandelbrot-recursive.fsh in Resources */ = {isa = PBXBuildFile; fileRef = A9D160302042BF87003722C8 /* mandelbrot-recursive.fsh */; };
		A9E1D513204179F300CBD08F /* tron_road.fsh in Resources */ = {isa = PBXBuildFile; fileRef = A9E1D512204179F300CBD08F /* tron_road.fsh */; };
		A9E938B41F56FF44002229EF /* flame_raymarching.fsh in Resources */ = {isa = PBXBuildFile; fileRef = A9E938B31F56FF44002229EF /* flame_raymarching.fsh */; };
/* End PBXBuildFile section */

/* Begin PBXContainerItemProxy section */
		A9AC03DF204315D400FF8ACC /* PBXContainerItemProxy */ = {
			isa = PBXContainerItemProxy;
			containerPortal = A9BFCAEF1F542788008FCF4E /* Project object */;
			proxyType = 1;
			remoteGlobalIDString = A9BFCAF61F542788008FCF4E;
			remoteInfo = "spritekit-fragment-sandbox-ios-app";
		};
		A9AC03ED204315E300FF8ACC /* PBXContainerItemProxy */ = {
			isa = PBXContainerItemProxy;
			containerPortal = A9BFCAEF1F542788008FCF4E /* Project object */;
			proxyType = 1;
			remoteGlobalIDString = A9BFCAF61F542788008FCF4E;
			remoteInfo = "spritekit-fragment-sandbox-ios-app";
		};
/* End PBXContainerItemProxy section */

/* Begin PBXFileReference section */
		A931F0692044370D009FA7A6 /* lcd_post_effect.fsh */ = {isa = PBXFileReference; lastKnownFileType = sourcecode.glsl; path = lcd_post_effect.fsh; sourceTree = "<group>"; };
		A931F06C20444152009FA7A6 /* crt_retro.fsh */ = {isa = PBXFileReference; lastKnownFileType = sourcecode.glsl; path = crt_retro.fsh; sourceTree = "<group>"; };
		A93BA65C1F5D2C1500F22CAF /* tri_lattice6.fsh */ = {isa = PBXFileReference; lastKnownFileType = sourcecode.glsl; path = tri_lattice6.fsh; sourceTree = "<group>"; };
		A9A280921F55819900F57F8D /* wave.fsh */ = {isa = PBXFileReference; lastKnownFileType = sourcecode.glsl; path = wave.fsh; sourceTree = "<group>"; };
		A9A280951F55931F00F57F8D /* SKShader+UniformUpdates.swift */ = {isa = PBXFileReference; lastKnownFileType = sourcecode.swift; path = "SKShader+UniformUpdates.swift"; sourceTree = "<group>"; };
		A9A280991F55975500F57F8D /* lightning.fsh */ = {isa = PBXFileReference; lastKnownFileType = sourcecode.glsl; path = lightning.fsh; sourceTree = "<group>"; };
		A9A2809B1F55AA5B00F57F8D /* UISlider+Range.swift */ = {isa = PBXFileReference; lastKnownFileType = sourcecode.swift; path = "UISlider+Range.swift"; sourceTree = "<group>"; };
		A9A2809D1F55ABE400F57F8D /* paint_noise.fsh */ = {isa = PBXFileReference; lastKnownFileType = sourcecode.glsl; path = paint_noise.fsh; sourceTree = "<group>"; };
		A9AC03BD2042C5D400FF8ACC /* GTC14-conference.fsh */ = {isa = PBXFileReference; lastKnownFileType = sourcecode.glsl; path = "GTC14-conference.fsh"; sourceTree = "<group>"; };
		A9AC03CF20430C4500FF8ACC /* pixel_shader_demo_001.gif */ = {isa = PBXFileReference; lastKnownFileType = image.gif; path = pixel_shader_demo_001.gif; sourceTree = "<group>"; };
		A9AC03DA204315D400FF8ACC /* spritekit-fragment-sandbox-ios-appTests.xctest */ = {isa = PBXFileReference; explicitFileType = wrapper.cfbundle; includeInIndex = 0; path = "spritekit-fragment-sandbox-ios-appTests.xctest"; sourceTree = BUILT_PRODUCTS_DIR; };
		A9AC03DC204315D400FF8ACC /* spritekit_fragment_sandbox_ios_appTests.swift */ = {isa = PBXFileReference; lastKnownFileType = sourcecode.swift; path = spritekit_fragment_sandbox_ios_appTests.swift; sourceTree = "<group>"; };
		A9AC03DE204315D400FF8ACC /* Info.plist */ = {isa = PBXFileReference; lastKnownFileType = text.plist.xml; path = Info.plist; sourceTree = "<group>"; };
		A9AC03E8204315E300FF8ACC /* spritekit-fragment-sandbox-ios-appUITests.xctest */ = {isa = PBXFileReference; explicitFileType = wrapper.cfbundle; includeInIndex = 0; path = "spritekit-fragment-sandbox-ios-appUITests.xctest"; sourceTree = BUILT_PRODUCTS_DIR; };
		A9AC03EA204315E300FF8ACC /* spritekit_fragment_sandbox_ios_appUITests.swift */ = {isa = PBXFileReference; lastKnownFileType = sourcecode.swift; path = spritekit_fragment_sandbox_ios_appUITests.swift; sourceTree = "<group>"; };
		A9AC03EC204315E300FF8ACC /* Info.plist */ = {isa = PBXFileReference; lastKnownFileType = text.plist.xml; path = Info.plist; sourceTree = "<group>"; };
		A9BA44641F5D61C50008BAE1 /* splash.fsh */ = {isa = PBXFileReference; lastKnownFileType = sourcecode.glsl; path = splash.fsh; sourceTree = "<group>"; };
		A9BFCAF71F542788008FCF4E /* spritekit-fragment-sandbox-ios-app.app */ = {isa = PBXFileReference; explicitFileType = wrapper.application; includeInIndex = 0; path = "spritekit-fragment-sandbox-ios-app.app"; sourceTree = BUILT_PRODUCTS_DIR; };
		A9BFCAFA1F542788008FCF4E /* AppDelegate.swift */ = {isa = PBXFileReference; lastKnownFileType = sourcecode.swift; path = AppDelegate.swift; sourceTree = "<group>"; };
		A9BFCAFC1F542788008FCF4E /* GameScene.sks */ = {isa = PBXFileReference; lastKnownFileType = file.sks; path = GameScene.sks; sourceTree = "<group>"; };
		A9BFCAFE1F542788008FCF4E /* Actions.sks */ = {isa = PBXFileReference; lastKnownFileType = file.sks; path = Actions.sks; sourceTree = "<group>"; };
		A9BFCB001F542788008FCF4E /* GameScene.swift */ = {isa = PBXFileReference; lastKnownFileType = sourcecode.swift; path = GameScene.swift; sourceTree = "<group>"; };
		A9BFCB021F542788008FCF4E /* GameViewController.swift */ = {isa = PBXFileReference; lastKnownFileType = sourcecode.swift; path = GameViewController.swift; sourceTree = "<group>"; };
		A9BFCB051F542788008FCF4E /* Base */ = {isa = PBXFileReference; lastKnownFileType = file.storyboard; name = Base; path = Base.lproj/Main.storyboard; sourceTree = "<group>"; };
		A9BFCB071F542788008FCF4E /* Assets.xcassets */ = {isa = PBXFileReference; lastKnownFileType = folder.assetcatalog; path = Assets.xcassets; sourceTree = "<group>"; };
		A9BFCB0A1F542788008FCF4E /* Base */ = {isa = PBXFileReference; lastKnownFileType = file.storyboard; name = Base; path = Base.lproj/LaunchScreen.storyboard; sourceTree = "<group>"; };
		A9BFCB0C1F542788008FCF4E /* Info.plist */ = {isa = PBXFileReference; lastKnownFileType = text.plist.xml; path = Info.plist; sourceTree = "<group>"; };
		A9BFCB2F1F54391A008FCF4E /* water_movement.fsh */ = {isa = PBXFileReference; lastKnownFileType = sourcecode.glsl; path = water_movement.fsh; sourceTree = "<group>"; };
		A9BFCB301F54391A008FCF4E /* water_reflection.fsh */ = {isa = PBXFileReference; lastKnownFileType = sourcecode.glsl; path = water_reflection.fsh; sourceTree = "<group>"; };
		A9BFCB311F543955008FCF4E /* .gitignore */ = {isa = PBXFileReference; lastKnownFileType = text; path = .gitignore; sourceTree = "<group>"; };
		A9D160302042BF87003722C8 /* mandelbrot-recursive.fsh */ = {isa = PBXFileReference; lastKnownFileType = sourcecode.glsl; path = "mandelbrot-recursive.fsh"; sourceTree = "<group>"; };
		A9E1D512204179F300CBD08F /* tron_road.fsh */ = {isa = PBXFileReference; lastKnownFileType = sourcecode.glsl; path = tron_road.fsh; sourceTree = "<group>"; };
		A9E938B31F56FF44002229EF /* flame_raymarching.fsh */ = {isa = PBXFileReference; lastKnownFileType = sourcecode.glsl; path = flame_raymarching.fsh; sourceTree = "<group>"; };
/* End PBXFileReference section */

/* Begin PBXFrameworksBuildPhase section */
		A9AC03D7204315D400FF8ACC /* Frameworks */ = {
			isa = PBXFrameworksBuildPhase;
			buildActionMask = 2147483647;
			files = (
			);
			runOnlyForDeploymentPostprocessing = 0;
		};
		A9AC03E5204315E300FF8ACC /* Frameworks */ = {
			isa = PBXFrameworksBuildPhase;
			buildActionMask = 2147483647;
			files = (
			);
			runOnlyForDeploymentPostprocessing = 0;
		};
		A9BFCAF41F542788008FCF4E /* Frameworks */ = {
			isa = PBXFrameworksBuildPhase;
			buildActionMask = 2147483647;
			files = (
			);
			runOnlyForDeploymentPostprocessing = 0;
		};
/* End PBXFrameworksBuildPhase section */

/* Begin PBXGroup section */
		A931F06E2044438D009FA7A6 /* Filters-Effects */ = {
			isa = PBXGroup;
			children = (
				A9BFCB2F1F54391A008FCF4E /* water_movement.fsh */,
				A9BFCB301F54391A008FCF4E /* water_reflection.fsh */,
				A9A280921F55819900F57F8D /* wave.fsh */,
				A931F0692044370D009FA7A6 /* lcd_post_effect.fsh */,
				A931F06C20444152009FA7A6 /* crt_retro.fsh */,
			);
			path = "Filters-Effects";
			sourceTree = "<group>";
		};
		A931F06F204443D7009FA7A6 /* Fractals */ = {
			isa = PBXGroup;
			children = (
				A9D160302042BF87003722C8 /* mandelbrot-recursive.fsh */,
				A9AC03BD2042C5D400FF8ACC /* GTC14-conference.fsh */,
			);
			path = Fractals;
			sourceTree = "<group>";
		};
		A931F070204443E3009FA7A6 /* Procedural */ = {
			isa = PBXGroup;
			children = (
				A9A280991F55975500F57F8D /* lightning.fsh */,
				A9A2809D1F55ABE400F57F8D /* paint_noise.fsh */,
				A93BA65C1F5D2C1500F22CAF /* tri_lattice6.fsh */,
				A9BA44641F5D61C50008BAE1 /* splash.fsh */,
				A9E1D512204179F300CBD08F /* tron_road.fsh */,
			);
			path = Procedural;
			sourceTree = "<group>";
		};
		A931F0712044440C009FA7A6 /* Raymarching */ = {
			isa = PBXGroup;
			children = (
				A9E938B31F56FF44002229EF /* flame_raymarching.fsh */,
			);
			path = Raymarching;
			sourceTree = "<group>";
		};
		A9A280941F5592D700F57F8D /* Extensions */ = {
			isa = PBXGroup;
			children = (
				A9A280951F55931F00F57F8D /* SKShader+UniformUpdates.swift */,
				A9A2809B1F55AA5B00F57F8D /* UISlider+Range.swift */,
			);
			path = Extensions;
			sourceTree = "<group>";
		};
		A9AC03BF2042E89E00FF8ACC /* View-Controller */ = {
			isa = PBXGroup;
			children = (
				A9BFCB021F542788008FCF4E /* GameViewController.swift */,
			);
			path = "View-Controller";
			sourceTree = "<group>";
		};
		A9AC03C02042E8AC00FF8ACC /* Scenes */ = {
			isa = PBXGroup;
			children = (
				A9BFCB001F542788008FCF4E /* GameScene.swift */,
			);
			path = Scenes;
			sourceTree = "<group>";
		};
		A9AC03C12042E8B600FF8ACC /* Assets */ = {
			isa = PBXGroup;
			children = (
				A9BFCB071F542788008FCF4E /* Assets.xcassets */,
			);
			path = Assets;
			sourceTree = "<group>";
		};
		A9AC03C22042E8C400FF8ACC /* View */ = {
			isa = PBXGroup;
			children = (
				A9BFCB041F542788008FCF4E /* Main.storyboard */,
				A9BFCB091F542788008FCF4E /* LaunchScreen.storyboard */,
			);
			path = View;
			sourceTree = "<group>";
		};
		A9AC03C32042E8DB00FF8ACC /* Game-Scenes */ = {
			isa = PBXGroup;
			children = (
				A9BFCAFC1F542788008FCF4E /* GameScene.sks */,
				A9BFCAFE1F542788008FCF4E /* Actions.sks */,
			);
			path = "Game-Scenes";
			sourceTree = "<group>";
		};
		A9AC03CE20430C4500FF8ACC /* documentation-resources */ = {
			isa = PBXGroup;
			children = (
				A9AC03CF20430C4500FF8ACC /* pixel_shader_demo_001.gif */,
			);
			path = "documentation-resources";
			sourceTree = "<group>";
		};
		A9AC03DB204315D400FF8ACC /* spritekit-fragment-sandbox-ios-appTests */ = {
			isa = PBXGroup;
			children = (
				A9AC03DC204315D400FF8ACC /* spritekit_fragment_sandbox_ios_appTests.swift */,
				A9AC03DE204315D400FF8ACC /* Info.plist */,
			);
			path = "spritekit-fragment-sandbox-ios-appTests";
			sourceTree = "<group>";
		};
		A9AC03E9204315E300FF8ACC /* spritekit-fragment-sandbox-ios-appUITests */ = {
			isa = PBXGroup;
			children = (
				A9AC03EA204315E300FF8ACC /* spritekit_fragment_sandbox_ios_appUITests.swift */,
				A9AC03EC204315E300FF8ACC /* Info.plist */,
			);
			path = "spritekit-fragment-sandbox-ios-appUITests";
			sourceTree = "<group>";
		};
		A9BFCAEE1F542788008FCF4E = {
			isa = PBXGroup;
			children = (
				A9AC03CE20430C4500FF8ACC /* documentation-resources */,
				A9BFCB311F543955008FCF4E /* .gitignore */,
				A9BFCAF91F542788008FCF4E /* spritekit-fragment-sandbox-ios-app */,
				A9AC03DB204315D400FF8ACC /* spritekit-fragment-sandbox-ios-appTests */,
				A9AC03E9204315E300FF8ACC /* spritekit-fragment-sandbox-ios-appUITests */,
				A9BFCAF81F542788008FCF4E /* Products */,
			);
			sourceTree = "<group>";
		};
		A9BFCAF81F542788008FCF4E /* Products */ = {
			isa = PBXGroup;
			children = (
				A9BFCAF71F542788008FCF4E /* spritekit-fragment-sandbox-ios-app.app */,
				A9AC03DA204315D400FF8ACC /* spritekit-fragment-sandbox-ios-appTests.xctest */,
				A9AC03E8204315E300FF8ACC /* spritekit-fragment-sandbox-ios-appUITests.xctest */,
			);
			name = Products;
			sourceTree = "<group>";
		};
		A9BFCAF91F542788008FCF4E /* spritekit-fragment-sandbox-ios-app */ = {
			isa = PBXGroup;
			children = (
				A9AC03C32042E8DB00FF8ACC /* Game-Scenes */,
				A9AC03C22042E8C400FF8ACC /* View */,
				A9AC03C12042E8B600FF8ACC /* Assets */,
				A9AC03C02042E8AC00FF8ACC /* Scenes */,
				A9AC03BF2042E89E00FF8ACC /* View-Controller */,
				A9A280941F5592D700F57F8D /* Extensions */,
				A9BFCB2E1F543906008FCF4E /* Shaders */,
				A9BFCAFA1F542788008FCF4E /* AppDelegate.swift */,
				A9BFCB0C1F542788008FCF4E /* Info.plist */,
			);
			path = "spritekit-fragment-sandbox-ios-app";
			sourceTree = "<group>";
		};
		A9BFCB2E1F543906008FCF4E /* Shaders */ = {
			isa = PBXGroup;
			children = (
				A931F0712044440C009FA7A6 /* Raymarching */,
				A931F070204443E3009FA7A6 /* Procedural */,
				A931F06F204443D7009FA7A6 /* Fractals */,
				A931F06E2044438D009FA7A6 /* Filters-Effects */,
			);
			path = Shaders;
			sourceTree = "<group>";
		};
/* End PBXGroup section */

/* Begin PBXNativeTarget section */
		A9AC03D9204315D400FF8ACC /* spritekit-fragment-sandbox-ios-appTests */ = {
			isa = PBXNativeTarget;
			buildConfigurationList = A9AC03E1204315D400FF8ACC /* Build configuration list for PBXNativeTarget "spritekit-fragment-sandbox-ios-appTests" */;
			buildPhases = (
				A9AC03D6204315D400FF8ACC /* Sources */,
				A9AC03D7204315D400FF8ACC /* Frameworks */,
				A9AC03D8204315D400FF8ACC /* Resources */,
			);
			buildRules = (
			);
			dependencies = (
				A9AC03E0204315D400FF8ACC /* PBXTargetDependency */,
			);
			name = "spritekit-fragment-sandbox-ios-appTests";
			productName = "spritekit-fragment-sandbox-ios-appTests";
			productReference = A9AC03DA204315D400FF8ACC /* spritekit-fragment-sandbox-ios-appTests.xctest */;
			productType = "com.apple.product-type.bundle.unit-test";
		};
		A9AC03E7204315E300FF8ACC /* spritekit-fragment-sandbox-ios-appUITests */ = {
			isa = PBXNativeTarget;
			buildConfigurationList = A9AC03EF204315E300FF8ACC /* Build configuration list for PBXNativeTarget "spritekit-fragment-sandbox-ios-appUITests" */;
			buildPhases = (
				A9AC03E4204315E300FF8ACC /* Sources */,
				A9AC03E5204315E300FF8ACC /* Frameworks */,
				A9AC03E6204315E300FF8ACC /* Resources */,
			);
			buildRules = (
			);
			dependencies = (
				A9AC03EE204315E300FF8ACC /* PBXTargetDependency */,
			);
			name = "spritekit-fragment-sandbox-ios-appUITests";
			productName = "spritekit-fragment-sandbox-ios-appUITests";
			productReference = A9AC03E8204315E300FF8ACC /* spritekit-fragment-sandbox-ios-appUITests.xctest */;
			productType = "com.apple.product-type.bundle.ui-testing";
		};
		A9BFCAF61F542788008FCF4E /* spritekit-fragment-sandbox-ios-app */ = {
			isa = PBXNativeTarget;
			buildConfigurationList = A9BFCB251F542788008FCF4E /* Build configuration list for PBXNativeTarget "spritekit-fragment-sandbox-ios-app" */;
			buildPhases = (
				A9BFCAF31F542788008FCF4E /* Sources */,
				A9BFCAF41F542788008FCF4E /* Frameworks */,
				A9BFCAF51F542788008FCF4E /* Resources */,
			);
			buildRules = (
			);
			dependencies = (
			);
			name = "spritekit-fragment-sandbox-ios-app";
			productName = PixelShaderDemo;
			productReference = A9BFCAF71F542788008FCF4E /* spritekit-fragment-sandbox-ios-app.app */;
			productType = "com.apple.product-type.application";
		};
/* End PBXNativeTarget section */

/* Begin PBXProject section */
		A9BFCAEF1F542788008FCF4E /* Project object */ = {
			isa = PBXProject;
			attributes = {
				LastSwiftUpdateCheck = 0920;
				LastUpgradeCheck = 0940;
				ORGANIZATIONNAME = "Astemir Eleev";
				TargetAttributes = {
					A9AC03D9204315D400FF8ACC = {
						CreatedOnToolsVersion = 9.2;
						LastSwiftMigration = 1020;
						ProvisioningStyle = Automatic;
						TestTargetID = A9BFCAF61F542788008FCF4E;
					};
					A9AC03E7204315E300FF8ACC = {
						CreatedOnToolsVersion = 9.2;
						LastSwiftMigration = 1020;
						ProvisioningStyle = Automatic;
						TestTargetID = A9BFCAF61F542788008FCF4E;
					};
					A9BFCAF61F542788008FCF4E = {
						CreatedOnToolsVersion = 9.0;
						LastSwiftMigration = 1020;
						ProvisioningStyle = Automatic;
					};
				};
			};
			buildConfigurationList = A9BFCAF21F542788008FCF4E /* Build configuration list for PBXProject "spritekit-fragment-sandbox-ios-app" */;
			compatibilityVersion = "Xcode 8.0";
			developmentRegion = en;
			hasScannedForEncodings = 0;
			knownRegions = (
				en,
				Base,
			);
			mainGroup = A9BFCAEE1F542788008FCF4E;
			productRefGroup = A9BFCAF81F542788008FCF4E /* Products */;
			projectDirPath = "";
			projectRoot = "";
			targets = (
				A9BFCAF61F542788008FCF4E /* spritekit-fragment-sandbox-ios-app */,
				A9AC03D9204315D400FF8ACC /* spritekit-fragment-sandbox-ios-appTests */,
				A9AC03E7204315E300FF8ACC /* spritekit-fragment-sandbox-ios-appUITests */,
			);
		};
/* End PBXProject section */

/* Begin PBXResourcesBuildPhase section */
		A9AC03D8204315D400FF8ACC /* Resources */ = {
			isa = PBXResourcesBuildPhase;
			buildActionMask = 2147483647;
			files = (
			);
			runOnlyForDeploymentPostprocessing = 0;
		};
		A9AC03E6204315E300FF8ACC /* Resources */ = {
			isa = PBXResourcesBuildPhase;
			buildActionMask = 2147483647;
			files = (
			);
			runOnlyForDeploymentPostprocessing = 0;
		};
		A9BFCAF51F542788008FCF4E /* Resources */ = {
			isa = PBXResourcesBuildPhase;
			buildActionMask = 2147483647;
			files = (
				A9A2809A1F55975500F57F8D /* lightning.fsh in Resources */,
				A9AC03BE2042C5D400FF8ACC /* GTC14-conference.fsh in Resources */,
				A9BFCB331F543CB0008FCF4E /* water_movement.fsh in Resources */,
				A9BFCB341F543CB0008FCF4E /* water_reflection.fsh in Resources */,
				A9BFCB061F542788008FCF4E /* Main.storyboard in Resources */,
				A9D160312042BF87003722C8 /* mandelbrot-recursive.fsh in Resources */,
				A931F06A2044370D009FA7A6 /* lcd_post_effect.fsh in Resources */,
				A9BFCAFD1F542788008FCF4E /* GameScene.sks in Resources */,
				A931F06D20444152009FA7A6 /* crt_retro.fsh in Resources */,
				A9A2809E1F55ABE400F57F8D /* paint_noise.fsh in Resources */,
				A9E938B41F56FF44002229EF /* flame_raymarching.fsh in Resources */,
				A9BFCB081F542788008FCF4E /* Assets.xcassets in Resources */,
				A9BA44651F5D61C50008BAE1 /* splash.fsh in Resources */,
				A9AC03D020430C4500FF8ACC /* pixel_shader_demo_001.gif in Resources */,
				A93BA65D1F5D2C1500F22CAF /* tri_lattice6.fsh in Resources */,
				A9BFCB0B1F542788008FCF4E /* LaunchScreen.storyboard in Resources */,
				A9BFCB321F543955008FCF4E /* .gitignore in Resources */,
				A9E1D513204179F300CBD08F /* tron_road.fsh in Resources */,
				A9A280931F55819900F57F8D /* wave.fsh in Resources */,
				A9BFCAFF1F542788008FCF4E /* Actions.sks in Resources */,
			);
			runOnlyForDeploymentPostprocessing = 0;
		};
/* End PBXResourcesBuildPhase section */

/* Begin PBXSourcesBuildPhase section */
		A9AC03D6204315D400FF8ACC /* Sources */ = {
			isa = PBXSourcesBuildPhase;
			buildActionMask = 2147483647;
			files = (
				A9AC03DD204315D400FF8ACC /* spritekit_fragment_sandbox_ios_appTests.swift in Sources */,
			);
			runOnlyForDeploymentPostprocessing = 0;
		};
		A9AC03E4204315E300FF8ACC /* Sources */ = {
			isa = PBXSourcesBuildPhase;
			buildActionMask = 2147483647;
			files = (
				A9AC03EB204315E300FF8ACC /* spritekit_fragment_sandbox_ios_appUITests.swift in Sources */,
			);
			runOnlyForDeploymentPostprocessing = 0;
		};
		A9BFCAF31F542788008FCF4E /* Sources */ = {
			isa = PBXSourcesBuildPhase;
			buildActionMask = 2147483647;
			files = (
				A9A2809C1F55AA5B00F57F8D /* UISlider+Range.swift in Sources */,
				A9BFCB011F542788008FCF4E /* GameScene.swift in Sources */,
				A9BFCB031F542788008FCF4E /* GameViewController.swift in Sources */,
				A9A280961F55931F00F57F8D /* SKShader+UniformUpdates.swift in Sources */,
				A9BFCAFB1F542788008FCF4E /* AppDelegate.swift in Sources */,
			);
			runOnlyForDeploymentPostprocessing = 0;
		};
/* End PBXSourcesBuildPhase section */

/* Begin PBXTargetDependency section */
		A9AC03E0204315D400FF8ACC /* PBXTargetDependency */ = {
			isa = PBXTargetDependency;
			target = A9BFCAF61F542788008FCF4E /* spritekit-fragment-sandbox-ios-app */;
			targetProxy = A9AC03DF204315D400FF8ACC /* PBXContainerItemProxy */;
		};
		A9AC03EE204315E300FF8ACC /* PBXTargetDependency */ = {
			isa = PBXTargetDependency;
			target = A9BFCAF61F542788008FCF4E /* spritekit-fragment-sandbox-ios-app */;
			targetProxy = A9AC03ED204315E300FF8ACC /* PBXContainerItemProxy */;
		};
/* End PBXTargetDependency section */

/* Begin PBXVariantGroup section */
		A9BFCB041F542788008FCF4E /* Main.storyboard */ = {
			isa = PBXVariantGroup;
			children = (
				A9BFCB051F542788008FCF4E /* Base */,
			);
			name = Main.storyboard;
			sourceTree = "<group>";
		};
		A9BFCB091F542788008FCF4E /* LaunchScreen.storyboard */ = {
			isa = PBXVariantGroup;
			children = (
				A9BFCB0A1F542788008FCF4E /* Base */,
			);
			name = LaunchScreen.storyboard;
			sourceTree = "<group>";
		};
/* End PBXVariantGroup section */

/* Begin XCBuildConfiguration section */
		A9AC03E2204315D400FF8ACC /* Debug */ = {
			isa = XCBuildConfiguration;
			buildSettings = {
				BUNDLE_LOADER = "$(TEST_HOST)";
				CODE_SIGN_STYLE = Automatic;
				DEVELOPMENT_TEAM = T3K58FE38R;
				INFOPLIST_FILE = "spritekit-fragment-sandbox-ios-appTests/Info.plist";
				IPHONEOS_DEPLOYMENT_TARGET = 11.2;
				LD_RUNPATH_SEARCH_PATHS = "$(inherited) @executable_path/Frameworks @loader_path/Frameworks";
				PRODUCT_BUNDLE_IDENTIFIER = "eleev.astemir.spritekit-fragment-sandbox-ios-appTests";
				PRODUCT_NAME = "$(TARGET_NAME)";
				SWIFT_VERSION = 5.0;
				TARGETED_DEVICE_FAMILY = "1,2";
				TEST_HOST = "$(BUILT_PRODUCTS_DIR)/spritekit-fragment-sandbox-ios-app.app/spritekit-fragment-sandbox-ios-app";
			};
			name = Debug;
		};
		A9AC03E3204315D400FF8ACC /* Release */ = {
			isa = XCBuildConfiguration;
			buildSettings = {
				BUNDLE_LOADER = "$(TEST_HOST)";
				CODE_SIGN_STYLE = Automatic;
				DEVELOPMENT_TEAM = T3K58FE38R;
				INFOPLIST_FILE = "spritekit-fragment-sandbox-ios-appTests/Info.plist";
				IPHONEOS_DEPLOYMENT_TARGET = 11.2;
				LD_RUNPATH_SEARCH_PATHS = "$(inherited) @executable_path/Frameworks @loader_path/Frameworks";
				PRODUCT_BUNDLE_IDENTIFIER = "eleev.astemir.spritekit-fragment-sandbox-ios-appTests";
				PRODUCT_NAME = "$(TARGET_NAME)";
				SWIFT_VERSION = 5.0;
				TARGETED_DEVICE_FAMILY = "1,2";
				TEST_HOST = "$(BUILT_PRODUCTS_DIR)/spritekit-fragment-sandbox-ios-app.app/spritekit-fragment-sandbox-ios-app";
			};
			name = Release;
		};
		A9AC03F0204315E300FF8ACC /* Debug */ = {
			isa = XCBuildConfiguration;
			buildSettings = {
				CODE_SIGN_STYLE = Automatic;
				DEVELOPMENT_TEAM = T3K58FE38R;
				INFOPLIST_FILE = "spritekit-fragment-sandbox-ios-appUITests/Info.plist";
				IPHONEOS_DEPLOYMENT_TARGET = 11.2;
				LD_RUNPATH_SEARCH_PATHS = "$(inherited) @executable_path/Frameworks @loader_path/Frameworks";
				PRODUCT_BUNDLE_IDENTIFIER = "eleev.astemir.spritekit-fragment-sandbox-ios-appUITests";
				PRODUCT_NAME = "$(TARGET_NAME)";
				SWIFT_VERSION = 5.0;
				TARGETED_DEVICE_FAMILY = "1,2";
				TEST_TARGET_NAME = "spritekit-fragment-sandbox-ios-app";
			};
			name = Debug;
		};
		A9AC03F1204315E300FF8ACC /* Release */ = {
			isa = XCBuildConfiguration;
			buildSettings = {
				CODE_SIGN_STYLE = Automatic;
				DEVELOPMENT_TEAM = T3K58FE38R;
				INFOPLIST_FILE = "spritekit-fragment-sandbox-ios-appUITests/Info.plist";
				IPHONEOS_DEPLOYMENT_TARGET = 11.2;
				LD_RUNPATH_SEARCH_PATHS = "$(inherited) @executable_path/Frameworks @loader_path/Frameworks";
				PRODUCT_BUNDLE_IDENTIFIER = "eleev.astemir.spritekit-fragment-sandbox-ios-appUITests";
				PRODUCT_NAME = "$(TARGET_NAME)";
				SWIFT_VERSION = 5.0;
				TARGETED_DEVICE_FAMILY = "1,2";
				TEST_TARGET_NAME = "spritekit-fragment-sandbox-ios-app";
			};
			name = Release;
		};
		A9BFCB231F542788008FCF4E /* Debug */ = {
			isa = XCBuildConfiguration;
			buildSettings = {
				ALWAYS_SEARCH_USER_PATHS = NO;
				CLANG_ANALYZER_NONNULL = YES;
				CLANG_ANALYZER_NUMBER_OBJECT_CONVERSION = YES_AGGRESSIVE;
				CLANG_CXX_LANGUAGE_STANDARD = "gnu++14";
				CLANG_CXX_LIBRARY = "libc++";
				CLANG_ENABLE_MODULES = YES;
				CLANG_ENABLE_OBJC_ARC = YES;
				CLANG_WARN_BLOCK_CAPTURE_AUTORELEASING = YES;
				CLANG_WARN_BOOL_CONVERSION = YES;
				CLANG_WARN_COMMA = YES;
				CLANG_WARN_CONSTANT_CONVERSION = YES;
				CLANG_WARN_DEPRECATED_OBJC_IMPLEMENTATIONS = YES;
				CLANG_WARN_DIRECT_OBJC_ISA_USAGE = YES_ERROR;
				CLANG_WARN_DOCUMENTATION_COMMENTS = YES;
				CLANG_WARN_EMPTY_BODY = YES;
				CLANG_WARN_ENUM_CONVERSION = YES;
				CLANG_WARN_INFINITE_RECURSION = YES;
				CLANG_WARN_INT_CONVERSION = YES;
				CLANG_WARN_NON_LITERAL_NULL_CONVERSION = YES;
				CLANG_WARN_OBJC_IMPLICIT_RETAIN_SELF = YES;
				CLANG_WARN_OBJC_LITERAL_CONVERSION = YES;
				CLANG_WARN_OBJC_ROOT_CLASS = YES_ERROR;
				CLANG_WARN_RANGE_LOOP_ANALYSIS = YES;
				CLANG_WARN_STRICT_PROTOTYPES = YES;
				CLANG_WARN_SUSPICIOUS_MOVE = YES;
				CLANG_WARN_UNGUARDED_AVAILABILITY = YES_AGGRESSIVE;
				CLANG_WARN_UNREACHABLE_CODE = YES;
				CLANG_WARN__DUPLICATE_METHOD_MATCH = YES;
				CODE_SIGN_IDENTITY = "iPhone Developer";
				COPY_PHASE_STRIP = NO;
				DEBUG_INFORMATION_FORMAT = dwarf;
				ENABLE_STRICT_OBJC_MSGSEND = YES;
				ENABLE_TESTABILITY = YES;
				GCC_C_LANGUAGE_STANDARD = gnu11;
				GCC_DYNAMIC_NO_PIC = NO;
				GCC_NO_COMMON_BLOCKS = YES;
				GCC_OPTIMIZATION_LEVEL = 0;
				GCC_PREPROCESSOR_DEFINITIONS = (
					"DEBUG=1",
					"$(inherited)",
				);
				GCC_WARN_64_TO_32_BIT_CONVERSION = YES;
				GCC_WARN_ABOUT_RETURN_TYPE = YES_ERROR;
				GCC_WARN_UNDECLARED_SELECTOR = YES;
				GCC_WARN_UNINITIALIZED_AUTOS = YES_AGGRESSIVE;
				GCC_WARN_UNUSED_FUNCTION = YES;
				GCC_WARN_UNUSED_VARIABLE = YES;
				IPHONEOS_DEPLOYMENT_TARGET = 11.0;
				MTL_ENABLE_DEBUG_INFO = YES;
				ONLY_ACTIVE_ARCH = YES;
				SDKROOT = iphoneos;
				SWIFT_ACTIVE_COMPILATION_CONDITIONS = DEBUG;
				SWIFT_OPTIMIZATION_LEVEL = "-Onone";
			};
			name = Debug;
		};
		A9BFCB241F542788008FCF4E /* Release */ = {
			isa = XCBuildConfiguration;
			buildSettings = {
				ALWAYS_SEARCH_USER_PATHS = NO;
				CLANG_ANALYZER_NONNULL = YES;
				CLANG_ANALYZER_NUMBER_OBJECT_CONVERSION = YES_AGGRESSIVE;
				CLANG_CXX_LANGUAGE_STANDARD = "gnu++14";
				CLANG_CXX_LIBRARY = "libc++";
				CLANG_ENABLE_MODULES = YES;
				CLANG_ENABLE_OBJC_ARC = YES;
				CLANG_WARN_BLOCK_CAPTURE_AUTORELEASING = YES;
				CLANG_WARN_BOOL_CONVERSION = YES;
				CLANG_WARN_COMMA = YES;
				CLANG_WARN_CONSTANT_CONVERSION = YES;
				CLANG_WARN_DEPRECATED_OBJC_IMPLEMENTATIONS = YES;
				CLANG_WARN_DIRECT_OBJC_ISA_USAGE = YES_ERROR;
				CLANG_WARN_DOCUMENTATION_COMMENTS = YES;
				CLANG_WARN_EMPTY_BODY = YES;
				CLANG_WARN_ENUM_CONVERSION = YES;
				CLANG_WARN_INFINITE_RECURSION = YES;
				CLANG_WARN_INT_CONVERSION = YES;
				CLANG_WARN_NON_LITERAL_NULL_CONVERSION = YES;
				CLANG_WARN_OBJC_IMPLICIT_RETAIN_SELF = YES;
				CLANG_WARN_OBJC_LITERAL_CONVERSION = YES;
				CLANG_WARN_OBJC_ROOT_CLASS = YES_ERROR;
				CLANG_WARN_RANGE_LOOP_ANALYSIS = YES;
				CLANG_WARN_STRICT_PROTOTYPES = YES;
				CLANG_WARN_SUSPICIOUS_MOVE = YES;
				CLANG_WARN_UNGUARDED_AVAILABILITY = YES_AGGRESSIVE;
				CLANG_WARN_UNREACHABLE_CODE = YES;
				CLANG_WARN__DUPLICATE_METHOD_MATCH = YES;
				CODE_SIGN_IDENTITY = "iPhone Developer";
				COPY_PHASE_STRIP = NO;
				DEBUG_INFORMATION_FORMAT = "dwarf-with-dsym";
				ENABLE_NS_ASSERTIONS = NO;
				ENABLE_STRICT_OBJC_MSGSEND = YES;
				GCC_C_LANGUAGE_STANDARD = gnu11;
				GCC_NO_COMMON_BLOCKS = YES;
				GCC_WARN_64_TO_32_BIT_CONVERSION = YES;
				GCC_WARN_ABOUT_RETURN_TYPE = YES_ERROR;
				GCC_WARN_UNDECLARED_SELECTOR = YES;
				GCC_WARN_UNINITIALIZED_AUTOS = YES_AGGRESSIVE;
				GCC_WARN_UNUSED_FUNCTION = YES;
				GCC_WARN_UNUSED_VARIABLE = YES;
				IPHONEOS_DEPLOYMENT_TARGET = 11.0;
				MTL_ENABLE_DEBUG_INFO = NO;
				SDKROOT = iphoneos;
				SWIFT_OPTIMIZATION_LEVEL = "-Owholemodule";
				VALIDATE_PRODUCT = YES;
			};
			name = Release;
		};
		A9BFCB261F542788008FCF4E /* Debug */ = {
			isa = XCBuildConfiguration;
			buildSettings = {
				ASSETCATALOG_COMPILER_APPICON_NAME = "AppIcon-1";
				CODE_SIGN_STYLE = Automatic;
				DEVELOPMENT_TEAM = "";
				INFOPLIST_FILE = "$(SRCROOT)/spritekit-fragment-sandbox-ios-app/Info.plist";
				IPHONEOS_DEPLOYMENT_TARGET = 10.0;
				LD_RUNPATH_SEARCH_PATHS = "$(inherited) @executable_path/Frameworks";
				PRODUCT_BUNDLE_IDENTIFIER = "astemir.eleev.spritekit-fragment-sandbox-ios-app";
				PRODUCT_NAME = "$(TARGET_NAME)";
				SWIFT_VERSION = 5.0;
				TARGETED_DEVICE_FAMILY = "1,2";
			};
			name = Debug;
		};
		A9BFCB271F542788008FCF4E /* Release */ = {
			isa = XCBuildConfiguration;
			buildSettings = {
				ASSETCATALOG_COMPILER_APPICON_NAME = "AppIcon-1";
				CODE_SIGN_STYLE = Automatic;
				DEVELOPMENT_TEAM = "";
				INFOPLIST_FILE = "$(SRCROOT)/spritekit-fragment-sandbox-ios-app/Info.plist";
				IPHONEOS_DEPLOYMENT_TARGET = 10.0;
				LD_RUNPATH_SEARCH_PATHS = "$(inherited) @executable_path/Frameworks";
				PRODUCT_BUNDLE_IDENTIFIER = "astemir.eleev.spritekit-fragment-sandbox-ios-app";
				PRODUCT_NAME = "$(TARGET_NAME)";
				SWIFT_VERSION = 5.0;
				TARGETED_DEVICE_FAMILY = "1,2";
			};
			name = Release;
		};
/* End XCBuildConfiguration section */

/* Begin XCConfigurationList section */
		A9AC03E1204315D400FF8ACC /* Build configuration list for PBXNativeTarget "spritekit-fragment-sandbox-ios-appTests" */ = {
			isa = XCConfigurationList;
			buildConfigurations = (
				A9AC03E2204315D400FF8ACC /* Debug */,
				A9AC03E3204315D400FF8ACC /* Release */,
			);
			defaultConfigurationIsVisible = 0;
			defaultConfigurationName = Release;
		};
		A9AC03EF204315E300FF8ACC /* Build configuration list for PBXNativeTarget "spritekit-fragment-sandbox-ios-appUITests" */ = {
			isa = XCConfigurationList;
			buildConfigurations = (
				A9AC03F0204315E300FF8ACC /* Debug */,
				A9AC03F1204315E300FF8ACC /* Release */,
			);
			defaultConfigurationIsVisible = 0;
			defaultConfigurationName = Release;
		};
		A9BFCAF21F542788008FCF4E /* Build configuration list for PBXProject "spritekit-fragment-sandbox-ios-app" */ = {
			isa = XCConfigurationList;
			buildConfigurations = (
				A9BFCB231F542788008FCF4E /* Debug */,
				A9BFCB241F542788008FCF4E /* Release */,
			);
			defaultConfigurationIsVisible = 0;
			defaultConfigurationName = Release;
		};
		A9BFCB251F542788008FCF4E /* Build configuration list for PBXNativeTarget "spritekit-fragment-sandbox-ios-app" */ = {
			isa = XCConfigurationList;
			buildConfigurations = (
				A9BFCB261F542788008FCF4E /* Debug */,
				A9BFCB271F542788008FCF4E /* Release */,
			);
			defaultConfigurationIsVisible = 0;
			defaultConfigurationName = Release;
		};
/* End XCConfigurationList section */
	};
	rootObject = A9BFCAEF1F542788008FCF4E /* Project object */;
}
